{
  "originHash" : "b0158635ac0e4cdbd7cd58ccbfc5f3a92599976fbeabea80c67d076fcf1cc9d5",
  "pins" : [
    {
      "identity" : "swift-argument-parser",
      "kind" : "remoteSourceControl",
      "location" : "https://github.com/apple/swift-argument-parser.git",
      "state" : {
        "revision" : "6a52f3251125d74daf04fcbd5e6f08a75d074382",
        "version" : "1.8.2"
      }
    },
  ],
  "version" : 3
}
